
Microsoft Visual Studio Solution File, Format Version 12.00
# Visual Studio Version 17
VisualStudioVersion = 17.3.32825.248
MinimumVisualStudioVersion = 10.0.40219.1
Project("{FAE04EC0-301F-11D3-BF4B-00C04F79EFBC}") = "AspNet.SignalR", "AspNet.SignalR\AspNet.SignalR.csproj", "{C642502F-199C-4982-9DDA-5EDA99F1864E}"
EndProject
Project("{FAE04EC0-301F-11D3-BF4B-00C04F79EFBC}") = "Aspnet.SignalR.Client.Samples", "Aspnet.SignalR.Client.Samples\Aspnet.SignalR.Client.Samples.csproj", "{19C925C0-9AB1-4348-BA7A-5BAA8D2623E0}"
EndProject
Project("{FAE04EC0-301F-11D3-BF4B-00C04F79EFBC}") = "Aspnet.SignalR.Server.Samples", "Aspnet.SignalR.Server.Samples\Aspnet.SignalR.Server.Samples.csproj", "{25C51D33-7EE5-4886-83F4-78B3007A8E16}"
EndProject
Global
	GlobalSection(SolutionConfigurationPlatforms) = preSolution
		Debug|Any CPU = Debug|Any CPU
		Release|Any CPU = Release|Any CPU
	EndGlobalSection
	GlobalSection(ProjectConfigurationPlatforms) = postSolution
		{C642502F-199C-4982-9DDA-5EDA99F1864E}.Debug|Any CPU.ActiveCfg = Debug|Any CPU
		{C642502F-199C-4982-9DDA-5EDA99F1864E}.Debug|Any CPU.Build.0 = Debug|Any CPU
		{C642502F-199C-4982-9DDA-5EDA99F1864E}.Release|Any CPU.ActiveCfg = Release|Any CPU
		{C642502F-199C-4982-9DDA-5EDA99F1864E}.Release|Any CPU.Build.0 = Release|Any CPU
		{19C925C0-9AB1-4348-BA7A-5BAA8D2623E0}.Debug|Any CPU.ActiveCfg = Debug|Any CPU
		{19C925C0-9AB1-4348-BA7A-5BAA8D2623E0}.Debug|Any CPU.Build.0 = Debug|Any CPU
		{19C925C0-9AB1-4348-BA7A-5BAA8D2623E0}.Release|Any CPU.ActiveCfg = Release|Any CPU
		{19C925C0-9AB1-4348-BA7A-5BAA8D2623E0}.Release|Any CPU.Build.0 = Release|Any CPU
		{25C51D33-7EE5-4886-83F4-78B3007A8E16}.Debug|Any CPU.ActiveCfg = Debug|Any CPU
		{25C51D33-7EE5-4886-83F4-78B3007A8E16}.Debug|Any CPU.Build.0 = Debug|Any CPU
		{25C51D33-7EE5-4886-83F4-78B3007A8E16}.Release|Any CPU.ActiveCfg = Release|Any CPU
		{25C51D33-7EE5-4886-83F4-78B3007A8E16}.Release|Any CPU.Build.0 = Release|Any CPU
	EndGlobalSection
	GlobalSection(SolutionProperties) = preSolution
		HideSolutionNode = FALSE
	EndGlobalSection
	GlobalSection(ExtensibilityGlobals) = postSolution
		SolutionGuid = {629CE65C-2960-4064-A5F6-29E843B58A41}
	EndGlobalSection
EndGlobal
